// !$*UTF8*$!
{
	archiveVersion = 1;
	classes = {
	};
	objectVersion = 56;
	objects = {

/* Begin PBXBuildFile section */
		BCAB19662A38FDD0003649EF /* GooeyShareButtonApp.swift in Sources */ = {isa = PBXBuildFile; fileRef = BCAB19652A38FDD0003649EF /* GooeyShareButtonApp.swift */; };
		BCAB19682A38FDD0003649EF /* ContentView.swift in Sources */ = {isa = PBXBuildFile; fileRef = BCAB19672A38FDD0003649EF /* ContentView.swift */; };
		BCAB196A2A38FDD1003649EF /* Assets.xcassets in Resources */ = {isa = PBXBuildFile; fileRef = BCAB19692A38FDD1003649EF /* Assets.xcassets */; };
		BCAB196D2A38FDD1003649EF /* Preview Assets.xcassets in Resources */ = {isa = PBXBuildFile; fileRef = BCAB196C2A38FDD1003649EF /* Preview Assets.xcassets */; };
		BCAB19752A38FECC003649EF /* Home.swift in Sources */ = {isa = PBXBuildFile; fileRef = BCAB19742A38FECC003649EF /* Home.swift */; };
		BCAB19772A3907CE003649EF /* ShapeMorphing.swift in Sources */ = {isa = PBXBuildFile; fileRef = BCAB19762A3907CE003649EF /* ShapeMorphing.swift */; };
		BCED2B672A390F010058207A /* AnimationProgress.swift in Sources */ = {isa = PBXBuildFile; fileRef = BCED2B662A390F010058207A /* AnimationProgress.swift */; };
/* End PBXBuildFile section */

/* Begin PBXFileReference section */
		BCAB19622A38FDD0003649EF /* GooeyShareButton.app */ = {isa = PBXFileReference; explicitFileType = wrapper.application; includeInIndex = 0; path = GooeyShareButton.app; sourceTree = BUILT_PRODUCTS_DIR; };
		BCAB19652A38FDD0003649EF /* GooeyShareButtonApp.swift */ = {isa = PBXFileReference; lastKnownFileType = sourcecode.swift; path = GooeyShareButtonApp.swift; sourceTree = "<group>"; };
		BCAB19672A38FDD0003649EF /* ContentView.swift */ = {isa = PBXFileReference; lastKnownFileType = sourcecode.swift; path = ContentView.swift; sourceTree = "<group>"; };
		BCAB19692A38FDD1003649EF /* Assets.xcassets */ = {isa = PBXFileReference; lastKnownFileType = folder.assetcatalog; path = Assets.xcassets; sourceTree = "<group>"; };
		BCAB196C2A38FDD1003649EF /* Preview Assets.xcassets */ = {isa = PBXFileReference; lastKnownFileType = folder.assetcatalog; path = "Preview Assets.xcassets"; sourceTree = "<group>"; };
		BCAB19742A38FECC003649EF /* Home.swift */ = {isa = PBXFileReference; lastKnownFileType = sourcecode.swift; path = Home.swift; sourceTree = "<group>"; };
		BCAB19762A3907CE003649EF /* ShapeMorphing.swift */ = {isa = PBXFileReference; lastKnownFileType = sourcecode.swift; path = ShapeMorphing.swift; sourceTree = "<group>"; };
		BCED2B662A390F010058207A /* AnimationProgress.swift */ = {isa = PBXFileReference; lastKnownFileType = sourcecode.swift; path = AnimationProgress.swift; sourceTree = "<group>"; };
/* End PBXFileReference section */

/* Begin PBXFrameworksBuildPhase section */
		BCAB195F2A38FDD0003649EF /* Frameworks */ = {
			isa = PBXFrameworksBuildPhase;
			buildActionMask = 2147483647;
			files = (
			);
			runOnlyForDeploymentPostprocessing = 0;
		};
/* End PBXFrameworksBuildPhase section */

/* Begin PBXGroup section */
		BCAB19592A38FDD0003649EF = {
			isa = PBXGroup;
			children = (
				BCAB19642A38FDD0003649EF /* GooeyShareButton */,
				BCAB19632A38FDD0003649EF /* Products */,
			);
			sourceTree = "<group>";
		};
		BCAB19632A38FDD0003649EF /* Products */ = {
			isa = PBXGroup;
			children = (
				BCAB19622A38FDD0003649EF /* GooeyShareButton.app */,
			);
			name = Products;
			sourceTree = "<group>";
		};
		BCAB19642A38FDD0003649EF /* GooeyShareButton */ = {
			isa = PBXGroup;
			children = (
				BCED2B652A390EDE0058207A /* Helpers */,
				BCAB19732A38FE98003649EF /* View */,
				BCAB19652A38FDD0003649EF /* GooeyShareButtonApp.swift */,
				BCAB19672A38FDD0003649EF /* ContentView.swift */,
				BCAB19692A38FDD1003649EF /* Assets.xcassets */,
				BCAB196B2A38FDD1003649EF /* Preview Content */,
			);
			path = GooeyShareButton;
			sourceTree = "<group>";
		};
		BCAB196B2A38FDD1003649EF /* Preview Content */ = {
			isa = PBXGroup;
			children = (
				BCAB196C2A38FDD1003649EF /* Preview Assets.xcassets */,
			);
			path = "Preview Content";
			sourceTree = "<group>";
		};
		BCAB19732A38FE98003649EF /* View */ = {
			isa = PBXGroup;
			children = (
				BCAB19742A38FECC003649EF /* Home.swift */,
				BCAB19762A3907CE003649EF /* ShapeMorphing.swift */,
			);
			path = View;
			sourceTree = "<group>";
		};
		BCED2B652A390EDE0058207A /* Helpers */ = {
			isa = PBXGroup;
			children = (
				BCED2B662A390F010058207A /* AnimationProgress.swift */,
			);
			path = Helpers;
			sourceTree = "<group>";
		};
/* End PBXGroup section */

/* Begin PBXNativeTarget section */
		BCAB19612A38FDD0003649EF /* GooeyShareButton */ = {
			isa = PBXNativeTarget;
			buildConfigurationList = BCAB19702A38FDD1003649EF /* Build configuration list for PBXNativeTarget "GooeyShareButton" */;
			buildPhases = (
				BCAB195E2A38FDD0003649EF /* Sources */,
				BCAB195F2A38FDD0003649EF /* Frameworks */,
				BCAB19602A38FDD0003649EF /* Resources */,
			);
			buildRules = (
			);
			dependencies = (
			);
			name = GooeyShareButton;
			productName = GooeyShareButton;
			productReference = BCAB19622A38FDD0003649EF /* GooeyShareButton.app */;
			productType = "com.apple.product-type.application";
		};
/* End PBXNativeTarget section */

/* Begin PBXProject section */
		BCAB195A2A38FDD0003649EF /* Project object */ = {
			isa = PBXProject;
			attributes = {
				BuildIndependentTargetsInParallel = 1;
				LastSwiftUpdateCheck = 1420;
				LastUpgradeCheck = 1420;
				TargetAttributes = {
					BCAB19612A38FDD0003649EF = {
						CreatedOnToolsVersion = 14.2;
					};
				};
			};
			buildConfigurationList = BCAB195D2A38FDD0003649EF /* Build configuration list for PBXProject "GooeyShareButton" */;
			compatibilityVersion = "Xcode 14.0";
			developmentRegion = en;
			hasScannedForEncodings = 0;
			knownRegions = (
				en,
				Base,
			);
			mainGroup = BCAB19592A38FDD0003649EF;
			productRefGroup = BCAB19632A38FDD0003649EF /* Products */;
			projectDirPath = "";
			projectRoot = "";
			targets = (
				BCAB19612A38FDD0003649EF /* GooeyShareButton */,
			);
		};
/* End PBXProject section */

/* Begin PBXResourcesBuildPhase section */
		BCAB19602A38FDD0003649EF /* Resources */ = {
			isa = PBXResourcesBuildPhase;
			buildActionMask = 2147483647;
			files = (
				BCAB196D2A38FDD1003649EF /* Preview Assets.xcassets in Resources */,
				BCAB196A2A38FDD1003649EF /* Assets.xcassets in Resources */,
			);
			runOnlyForDeploymentPostprocessing = 0;
		};
/* End PBXResourcesBuildPhase section */

/* Begin PBXSourcesBuildPhase section */
		BCAB195E2A38FDD0003649EF /* Sources */ = {
			isa = PBXSourcesBuildPhase;
			buildActionMask = 2147483647;
			files = (
				BCED2B672A390F010058207A /* AnimationProgress.swift in Sources */,
				BCAB19682A38FDD0003649EF /* ContentView.swift in Sources */,
				BCAB19752A38FECC003649EF /* Home.swift in Sources */,
				BCAB19662A38FDD0003649EF /* GooeyShareButtonApp.swift in Sources */,
				BCAB19772A3907CE003649EF /* ShapeMorphing.swift in Sources */,
			);
			runOnlyForDeploymentPostprocessing = 0;
		};
/* End PBXSourcesBuildPhase section */

/* Begin XCBuildConfiguration section */
		BCAB196E2A38FDD1003649EF /* Debug */ = {
			isa = XCBuildConfiguration;
			buildSettings = {
				ALWAYS_SEARCH_USER_PATHS = NO;
				CLANG_ANALYZER_NONNULL = YES;
				CLANG_ANALYZER_NUMBER_OBJECT_CONVERSION = YES_AGGRESSIVE;
				CLANG_CXX_LANGUAGE_STANDARD = "gnu++20";
				CLANG_ENABLE_MODULES = YES;
				CLANG_ENABLE_OBJC_ARC = YES;
				CLANG_ENABLE_OBJC_WEAK = YES;
				CLANG_WARN_BLOCK_CAPTURE_AUTORELEASING = YES;
				CLANG_WARN_BOOL_CONVERSION = YES;
				CLANG_WARN_COMMA = YES;
				CLANG_WARN_CONSTANT_CONVERSION = YES;
				CLANG_WARN_DEPRECATED_OBJC_IMPLEMENTATIONS = YES;
				CLANG_WARN_DIRECT_OBJC_ISA_USAGE = YES_ERROR;
				CLANG_WARN_DOCUMENTATION_COMMENTS = YES;
				CLANG_WARN_EMPTY_BODY = YES;
				CLANG_WARN_ENUM_CONVERSION = YES;
				CLANG_WARN_INFINITE_RECURSION = YES;
				CLANG_WARN_INT_CONVERSION = YES;
				CLANG_WARN_NON_LITERAL_NULL_CONVERSION = YES;
				CLANG_WARN_OBJC_IMPLICIT_RETAIN_SELF = YES;
				CLANG_WARN_OBJC_LITERAL_CONVERSION = YES;
				CLANG_WARN_OBJC_ROOT_CLASS = YES_ERROR;
				CLANG_WARN_QUOTED_INCLUDE_IN_FRAMEWORK_HEADER = YES;
				CLANG_WARN_RANGE_LOOP_ANALYSIS = YES;
				CLANG_WARN_STRICT_PROTOTYPES = YES;
				CLANG_WARN_SUSPICIOUS_MOVE = YES;
				CLANG_WARN_UNGUARDED_AVAILABILITY = YES_AGGRESSIVE;
				CLANG_WARN_UNREACHABLE_CODE = YES;
				CLANG_WARN__DUPLICATE_METHOD_MATCH = YES;
				COPY_PHASE_STRIP = NO;
				DEBUG_INFORMATION_FORMAT = dwarf;
				ENABLE_STRICT_OBJC_MSGSEND = YES;
				ENABLE_TESTABILITY = YES;
				GCC_C_LANGUAGE_STANDARD = gnu11;
				GCC_DYNAMIC_NO_PIC = NO;
				GCC_NO_COMMON_BLOCKS = YES;
				GCC_OPTIMIZATION_LEVEL = 0;
				GCC_PREPROCESSOR_DEFINITIONS = (
					"DEBUG=1",
					"$(inherited)",
				);
				GCC_WARN_64_TO_32_BIT_CONVERSION = YES;
				GCC_WARN_ABOUT_RETURN_TYPE = YES_ERROR;
				GCC_WARN_UNDECLARED_SELECTOR = YES;
				GCC_WARN_UNINITIALIZED_AUTOS = YES_AGGRESSIVE;
				GCC_WARN_UNUSED_FUNCTION = YES;
				GCC_WARN_UNUSED_VARIABLE = YES;
				IPHONEOS_DEPLOYMENT_TARGET = 16.2;
				MTL_ENABLE_DEBUG_INFO = INCLUDE_SOURCE;
				MTL_FAST_MATH = YES;
				ONLY_ACTIVE_ARCH = YES;
				SDKROOT = iphoneos;
				SWIFT_ACTIVE_COMPILATION_CONDITIONS = DEBUG;
				SWIFT_OPTIMIZATION_LEVEL = "-Onone";
			};
			name = Debug;
		};
		BCAB196F2A38FDD1003649EF /* Release */ = {
			isa = XCBuildConfiguration;
			buildSettings = {
				ALWAYS_SEARCH_USER_PATHS = NO;
				CLANG_ANALYZER_NONNULL = YES;
				CLANG_ANALYZER_NUMBER_OBJECT_CONVERSION = YES_AGGRESSIVE;
				CLANG_CXX_LANGUAGE_STANDARD = "gnu++20";
				CLANG_ENABLE_MODULES = YES;
				CLANG_ENABLE_OBJC_ARC = YES;
				CLANG_ENABLE_OBJC_WEAK = YES;
				CLANG_WARN_BLOCK_CAPTURE_AUTORELEASING = YES;
				CLANG_WARN_BOOL_CONVERSION = YES;
				CLANG_WARN_COMMA = YES;
				CLANG_WARN_CONSTANT_CONVERSION = YES;
				CLANG_WARN_DEPRECATED_OBJC_IMPLEMENTATIONS = YES;
				CLANG_WARN_DIRECT_OBJC_ISA_USAGE = YES_ERROR;
				CLANG_WARN_DOCUMENTATION_COMMENTS = YES;
				CLANG_WARN_EMPTY_BODY = YES;
				CLANG_WARN_ENUM_CONVERSION = YES;
				CLANG_WARN_INFINITE_RECURSION = YES;
				CLANG_WARN_INT_CONVERSION = YES;
				CLANG_WARN_NON_LITERAL_NULL_CONVERSION = YES;
				CLANG_WARN_OBJC_IMPLICIT_RETAIN_SELF = YES;
				CLANG_WARN_OBJC_LITERAL_CONVERSION = YES;
				CLANG_WARN_OBJC_ROOT_CLASS = YES_ERROR;
				CLANG_WARN_QUOTED_INCLUDE_IN_FRAMEWORK_HEADER = YES;
				CLANG_WARN_RANGE_LOOP_ANALYSIS = YES;
				CLANG_WARN_STRICT_PROTOTYPES = YES;
				CLANG_WARN_SUSPICIOUS_MOVE = YES;
				CLANG_WARN_UNGUARDED_AVAILABILITY = YES_AGGRESSIVE;
				CLANG_WARN_UNREACHABLE_CODE = YES;
				CLANG_WARN__DUPLICATE_METHOD_MATCH = YES;
				COPY_PHASE_STRIP = NO;
				DEBUG_INFORMATION_FORMAT = "dwarf-with-dsym";
				ENABLE_NS_ASSERTIONS = NO;
				ENABLE_STRICT_OBJC_MSGSEND = YES;
				GCC_C_LANGUAGE_STANDARD = gnu11;
				GCC_NO_COMMON_BLOCKS = YES;
				GCC_WARN_64_TO_32_BIT_CONVERSION = YES;
				GCC_WARN_ABOUT_RETURN_TYPE = YES_ERROR;
				GCC_WARN_UNDECLARED_SELECTOR = YES;
				GCC_WARN_UNINITIALIZED_AUTOS = YES_AGGRESSIVE;
				GCC_WARN_UNUSED_FUNCTION = YES;
				GCC_WARN_UNUSED_VARIABLE = YES;
				IPHONEOS_DEPLOYMENT_TARGET = 16.2;
				MTL_ENABLE_DEBUG_INFO = NO;
				MTL_FAST_MATH = YES;
				SDKROOT = iphoneos;
				SWIFT_COMPILATION_MODE = wholemodule;
				SWIFT_OPTIMIZATION_LEVEL = "-O";
				VALIDATE_PRODUCT = YES;
			};
			name = Release;
		};
		BCAB19712A38FDD1003649EF /* Debug */ = {
			isa = XCBuildConfiguration;
			buildSettings = {
				ASSETCATALOG_COMPILER_APPICON_NAME = AppIcon;
				ASSETCATALOG_COMPILER_GLOBAL_ACCENT_COLOR_NAME = AccentColor;
				CODE_SIGN_STYLE = Automatic;
				CURRENT_PROJECT_VERSION = 1;
				DEVELOPMENT_ASSET_PATHS = "\"GooeyShareButton/Preview Content\"";
				ENABLE_PREVIEWS = YES;
				GENERATE_INFOPLIST_FILE = YES;
				INFOPLIST_KEY_UIApplicationSceneManifest_Generation = YES;
				INFOPLIST_KEY_UIApplicationSupportsIndirectInputEvents = YES;
				INFOPLIST_KEY_UILaunchScreen_Generation = YES;
				INFOPLIST_KEY_UISupportedInterfaceOrientations_iPad = "UIInterfaceOrientationPortrait UIInterfaceOrientationPortraitUpsideDown UIInterfaceOrientationLandscapeLeft UIInterfaceOrientationLandscapeRight";
				INFOPLIST_KEY_UISupportedInterfaceOrientations_iPhone = "UIInterfaceOrientationPortrait UIInterfaceOrientationLandscapeLeft UIInterfaceOrientationLandscapeRight";
				LD_RUNPATH_SEARCH_PATHS = (
					"$(inherited)",
					"@executable_path/Frameworks",
				);
				MARKETING_VERSION = 1.0;
				PRODUCT_BUNDLE_IDENTIFIER = com.oleandrobastos.GooeyShareButton;
				PRODUCT_NAME = "$(TARGET_NAME)";
				SWIFT_EMIT_LOC_STRINGS = YES;
				SWIFT_VERSION = 5.0;
				TARGETED_DEVICE_FAMILY = "1,2";
			};
			name = Debug;
		};
		BCAB19722A38FDD1003649EF /* Release */ = {
			isa = XCBuildConfiguration;
			buildSettings = {
				ASSETCATALOG_COMPILER_APPICON_NAME = AppIcon;
				ASSETCATALOG_COMPILER_GLOBAL_ACCENT_COLOR_NAME = AccentColor;
				CODE_SIGN_STYLE = Automatic;
				CURRENT_PROJECT_VERSION = 1;
				DEVELOPMENT_ASSET_PATHS = "\"GooeyShareButton/Preview Content\"";
				ENABLE_PREVIEWS = YES;
				GENERATE_INFOPLIST_FILE = YES;
				INFOPLIST_KEY_UIApplicationSceneManifest_Generation = YES;
				INFOPLIST_KEY_UIApplicationSupportsIndirectInputEvents = YES;
				INFOPLIST_KEY_UILaunchScreen_Generation = YES;
				INFOPLIST_KEY_UISupportedInterfaceOrientations_iPad = "UIInterfaceOrientationPortrait UIInterfaceOrientationPortraitUpsideDown UIInterfaceOrientationLandscapeLeft UIInterfaceOrientationLandscapeRight";
				INFOPLIST_KEY_UISupportedInterfaceOrientations_iPhone = "UIInterfaceOrientationPortrait UIInterfaceOrientationLandscapeLeft UIInterfaceOrientationLandscapeRight";
				LD_RUNPATH_SEARCH_PATHS = (
					"$(inherited)",
					"@executable_path/Frameworks",
				);
				MARKETING_VERSION = 1.0;
				PRODUCT_BUNDLE_IDENTIFIER = com.oleandrobastos.GooeyShareButton;
				PRODUCT_NAME = "$(TARGET_NAME)";
				SWIFT_EMIT_LOC_STRINGS = YES;
				SWIFT_VERSION = 5.0;
				TARGETED_DEVICE_FAMILY = "1,2";
			};
			name = Release;
		};
/* End XCBuildConfiguration section */

/* Begin XCConfigurationList section */
		BCAB195D2A38FDD0003649EF /* Build configuration list for PBXProject "GooeyShareButton" */ = {
			isa = XCConfigurationList;
			buildConfigurations = (
				BCAB196E2A38FDD1003649EF /* Debug */,
				BCAB196F2A38FDD1003649EF /* Release */,
			);
			defaultConfigurationIsVisible = 0;
			defaultConfigurationName = Release;
		};
		BCAB19702A38FDD1003649EF /* Build configuration list for PBXNativeTarget "GooeyShareButton" */ = {
			isa = XCConfigurationList;
			buildConfigurations = (
				BCAB19712A38FDD1003649EF /* Debug */,
				BCAB19722A38FDD1003649EF /* Release */,
			);
			defaultConfigurationIsVisible = 0;
			defaultConfigurationName = Release;
		};
/* End XCConfigurationList section */
	};
	rootObject = BCAB195A2A38FDD0003649EF /* Project object */;
}
